{
  "name": "api",
  "version": "1.0.0",
  "lockfileVersion": 1,
  "requires": true,
  "dependencies": {
    "@redis/bloom": {
      "version": "1.0.2",
      "resolved": "https://registry.npmjs.org/@redis/bloom/-/bloom-1.0.2.tgz",
      "integrity": "sha512-EBw7Ag1hPgFzdznK2PBblc1kdlj5B5Cw3XwI9/oG7tSn85/HKy3X9xHy/8tm/eNXJYHLXHJL/pkwBpFMVVefkw=="
    },
    "@redis/client": {
      "version": "1.1.0",
      "resolved": "https://registry.npmjs.org/@redis/client/-/client-1.1.0.tgz",
      "integrity": "sha512-xO9JDIgzsZYDl3EvFhl6LC52DP3q3GCMUer8zHgKV6qSYsq1zB+pZs9+T80VgcRogrlRYhi4ZlfX6A+bHiBAgA==",
      "requires": {
        "cluster-key-slot": "1.1.0",
        "generic-pool": "3.8.2",
        "yallist": "4.0.0"
      }
    },
    "@redis/graph": {
      "version": "1.0.1",
      "resolved": "https://registry.npmjs.org/@redis/graph/-/graph-1.0.1.tgz",
      "integrity": "sha512-oDE4myMCJOCVKYMygEMWuriBgqlS5FqdWerikMoJxzmmTUErnTRRgmIDa2VcgytACZMFqpAOWDzops4DOlnkfQ=="
    },
    "@redis/json": {
      "version": "1.0.3",
      "resolved": "https://registry.npmjs.org/@redis/json/-/json-1.0.3.tgz",
      "integrity": "sha512-4X0Qv0BzD9Zlb0edkUoau5c1bInWSICqXAGrpwEltkncUwcxJIGEcVryZhLgb0p/3PkKaLIWkjhHRtLe9yiA7Q=="
    },
    "@redis/search": {
      "version": "1.0.6",
      "resolved": "https://registry.npmjs.org/@redis/search/-/search-1.0.6.tgz",
      "integrity": "sha512-pP+ZQRis5P21SD6fjyCeLcQdps+LuTzp2wdUbzxEmNhleighDDTD5ck8+cYof+WLec4csZX7ks+BuoMw0RaZrA=="
    },
    "@redis/time-series": {
      "version": "1.0.3",
      "resolved": "https://registry.npmjs.org/@redis/time-series/-/time-series-1.0.3.tgz",
      "integrity": "sha512-OFp0q4SGrTH0Mruf6oFsHGea58u8vS/iI5+NpYdicaM+7BgqBZH8FFvNZ8rYYLrUO/QRqMq72NpXmxLVNcdmjA=="
    },
    "call-bind": {
      "version": "1.0.2",
      "resolved": "https://registry.npmjs.org/call-bind/-/call-bind-1.0.2.tgz",
      "integrity": "sha512-7O+FbCihrB5WGbFYesctwmTKae6rOiIzmz1icreWJ+0aA7LJfuqhEso2T9ncpcFtzMQtzXf2QGGueWJGTYsqrA==",
      "requires": {
        "function-bind": "^1.1.1",
        "get-intrinsic": "^1.0.2"
      }
    },
    "cluster-key-slot": {
      "version": "1.1.0",
      "resolved": "https://registry.npmjs.org/cluster-key-slot/-/cluster-key-slot-1.1.0.tgz",
      "integrity": "sha512-2Nii8p3RwAPiFwsnZvukotvow2rIHM+yQ6ZcBXGHdniadkYGZYiGmkHJIbZPIV9nfv7m/U1IPMVVcAhoWFeklw=="
    },
    "function-bind": {
      "version": "1.1.1",
      "resolved": "https://registry.npmjs.org/function-bind/-/function-bind-1.1.1.tgz",
      "integrity": "sha512-yIovAzMX49sF8Yl58fSCWJ5svSLuaibPxXQJFLmBObTuCr0Mf1KiPopGM9NiFjiYBCbfaa2Fh6breQ6ANVTI0A=="
    },
    "generic-pool": {
      "version": "3.8.2",
      "resolved": "https://registry.npmjs.org/generic-pool/-/generic-pool-3.8.2.tgz",
      "integrity": "sha512-nGToKy6p3PAbYQ7p1UlWl6vSPwfwU6TMSWK7TTu+WUY4ZjyZQGniGGt2oNVvyNSpyZYSB43zMXVLcBm08MTMkg=="
    },
    "get-intrinsic": {
      "version": "1.1.1",
      "resolved": "https://registry.npmjs.org/get-intrinsic/-/get-intrinsic-1.1.1.tgz",
      "integrity": "sha512-kWZrnVM42QCiEA2Ig1bG8zjoIMOgxWwYCEeNdwY6Tv/cOSeGpcoX4pXHfKUxNKVoArnrEr2e9srnAxxGIraS9Q==",
      "requires": {
        "function-bind": "^1.1.1",
        "has": "^1.0.3",
        "has-symbols": "^1.0.1"
      }
    },
    "has": {
      "version": "1.0.3",
      "resolved": "https://registry.npmjs.org/has/-/has-1.0.3.tgz",
      "integrity": "sha512-f2dvO0VU6Oej7RkWJGrehjbzMAjFp5/VKPp5tTpWIV4JHHZK1/BxbFRtf/siA2SWTe09caDmVtYYzWEIbBS4zw==",
      "requires": {
        "function-bind": "^1.1.1"
      }
    },
    "has-symbols": {
      "version": "1.0.3",
      "resolved": "https://registry.npmjs.org/has-symbols/-/has-symbols-1.0.3.tgz",
      "integrity": "sha512-l3LCuF6MgDNwTDKkdYGEihYjt5pRPbEg46rtlmnSPlUbgmB8LOIrKJbYYFBSbnPaJexMKtiPO8hmeRjRz2Td+A=="
    },
    "lru-cache": {
      "version": "6.0.0",
      "resolved": "https://registry.npmjs.org/lru-cache/-/lru-cache-6.0.0.tgz",
      "integrity": "sha512-Jo6dJ04CmSjuznwJSS3pUeWmd/H0ffTlkXXgwZi+eq1UCmqQwCh+eLsYOYCwY991i2Fah4h1BEMCx4qThGbsiA==",
      "requires": {
        "yallist": "^4.0.0"
      }
    },
    "object-inspect": {
      "version": "1.12.2",
      "resolved": "https://registry.npmjs.org/object-inspect/-/object-inspect-1.12.2.tgz",
      "integrity": "sha512-z+cPxW0QGUp0mcqcsgQyLVRDoXFQbXOwBaqyF7VIgI4TWNQsDHrBpUQslRmIfAoYWdYzs6UlKJtB2XJpTaNSpQ=="
    },
    "qs": {
      "version": "6.10.3",
      "resolved": "https://registry.npmjs.org/qs/-/qs-6.10.3.tgz",
      "integrity": "sha512-wr7M2E0OFRfIfJZjKGieI8lBKb7fRCH4Fv5KNPEs7gJ8jadvotdsS08PzOKR7opXhZ/Xkjtt3WF9g38drmyRqQ==",
      "requires": {
        "side-channel": "^1.0.4"
      }
    },
    "redis": {
      "version": "4.1.0",
      "resolved": "https://registry.npmjs.org/redis/-/redis-4.1.0.tgz",
      "integrity": "sha512-5hvJ8wbzpCCiuN1ges6tx2SAh2XXCY0ayresBmu40/SGusWHFW86TAlIPpbimMX2DFHOX7RN34G2XlPA1Z43zg==",
      "requires": {
        "@redis/bloom": "1.0.2",
        "@redis/client": "1.1.0",
        "@redis/graph": "1.0.1",
        "@redis/json": "1.0.3",
        "@redis/search": "1.0.6",
        "@redis/time-series": "1.0.3"
      }
    },
    "semver": {
      "version": "7.3.7",
      "resolved": "https://registry.npmjs.org/semver/-/semver-7.3.7.tgz",
      "integrity": "sha512-QlYTucUYOews+WeEujDoEGziz4K6c47V/Bd+LjSSYcA94p+DmINdf7ncaUinThfvZyu13lN9OY1XDxt8C0Tw0g==",
      "requires": {
        "lru-cache": "^6.0.0"
      }
    },
    "side-channel": {
      "version": "1.0.4",
      "resolved": "https://registry.npmjs.org/side-channel/-/side-channel-1.0.4.tgz",
      "integrity": "sha512-q5XPytqFEIKHkGdiMIrY10mvLRvnQh42/+GoBlFW3b2LXLE2xxJpZFdm94we0BaoV3RwJyGqg5wS7epxTv0Zvw==",
      "requires": {
        "call-bind": "^1.0.0",
        "get-intrinsic": "^1.0.2",
        "object-inspect": "^1.9.0"
      }
    },
    "yallist": {
      "version": "4.0.0",
      "resolved": "https://registry.npmjs.org/yallist/-/yallist-4.0.0.tgz",
      "integrity": "sha512-3wdGidZyq5PB084XLES5TpOSRA3wjXAlIWMhum2kRcv/41Sn2emQ0dycQW4uZXLejwKvg6EsvbdlVL+FYEct7A=="
    }
  }
}
